
Microsoft Visual Studio Solution File, Format Version 12.00
# Visual Studio 2012
Project("{2150E333-8FDC-42A3-9474-1A3956D46DE8}") = ".nuget", ".nuget", "{2EBAE917-B751-4001-A152-BBBF3094369F}"
	ProjectSection(SolutionItems) = preProject
		.nuget\NuGet.Config = .nuget\NuGet.Config
		.nuget\NuGet.exe = .nuget\NuGet.exe
		.nuget\NuGet.targets = .nuget\NuGet.targets
	EndProjectSection
EndProject
Project("{FAE04EC0-301F-11D3-BF4B-00C04F79EFBC}") = "PagePerformanceInsights", "PagePerformanceInsights\PagePerformanceInsights.csproj", "{CC70FCED-7EA6-4311-9756-0E88DCB9C22E}"
EndProject
Project("{FAE04EC0-301F-11D3-BF4B-00C04F79EFBC}") = "PagePerformanceInsights.TestApp", "PagePerformanceInsights.TestApp\PagePerformanceInsights.TestApp.csproj", "{5249341F-9785-403C-9E37-A568370B8AF5}"
EndProject
Project("{FAE04EC0-301F-11D3-BF4B-00C04F79EFBC}") = "PagePerformanceInsights.MemoryStore", "PagePerformanceInsights.MemoryStore\PagePerformanceInsights.MemoryStore.csproj", "{617EF40E-AABB-4EC3-B91D-743AF4758DE8}"
EndProject
Project("{FAE04EC0-301F-11D3-BF4B-00C04F79EFBC}") = "PagePerformanceInsights.Filters", "PagePerformanceInsights.Filters\PagePerformanceInsights.Filters.csproj", "{BA24E93E-BCEF-4E7B-8F4E-F0186A6849A5}"
EndProject
Project("{FAE04EC0-301F-11D3-BF4B-00C04F79EFBC}") = "PagePerformanceInsights.SqlServerStore", "PagePerformanceInsights.SqlServerStore\PagePerformanceInsights.SqlServerStore.csproj", "{DC4A6B6E-7D66-4669-A8A4-04FE40D50EBC}"
EndProject
Project("{FAE04EC0-301F-11D3-BF4B-00C04F79EFBC}") = "PagePerformanceInsights.NLogLogger", "PagePerformanceInsights.NLogLogger\PagePerformanceInsights.NLogLogger.csproj", "{C7E24C7D-0ABD-4C46-B56C-058C63C6B4A3}"
EndProject
Global
	GlobalSection(SolutionConfigurationPlatforms) = preSolution
		Debug|Any CPU = Debug|Any CPU
		Release|Any CPU = Release|Any CPU
	EndGlobalSection
	GlobalSection(ProjectConfigurationPlatforms) = postSolution
		{CC70FCED-7EA6-4311-9756-0E88DCB9C22E}.Debug|Any CPU.ActiveCfg = Debug|Any CPU
		{CC70FCED-7EA6-4311-9756-0E88DCB9C22E}.Debug|Any CPU.Build.0 = Debug|Any CPU
		{CC70FCED-7EA6-4311-9756-0E88DCB9C22E}.Release|Any CPU.ActiveCfg = Release|Any CPU
		{CC70FCED-7EA6-4311-9756-0E88DCB9C22E}.Release|Any CPU.Build.0 = Release|Any CPU
		{5249341F-9785-403C-9E37-A568370B8AF5}.Debug|Any CPU.ActiveCfg = Debug|Any CPU
		{5249341F-9785-403C-9E37-A568370B8AF5}.Debug|Any CPU.Build.0 = Debug|Any CPU
		{5249341F-9785-403C-9E37-A568370B8AF5}.Release|Any CPU.ActiveCfg = Release|Any CPU
		{5249341F-9785-403C-9E37-A568370B8AF5}.Release|Any CPU.Build.0 = Release|Any CPU
		{617EF40E-AABB-4EC3-B91D-743AF4758DE8}.Debug|Any CPU.ActiveCfg = Debug|Any CPU
		{617EF40E-AABB-4EC3-B91D-743AF4758DE8}.Debug|Any CPU.Build.0 = Debug|Any CPU
		{617EF40E-AABB-4EC3-B91D-743AF4758DE8}.Release|Any CPU.ActiveCfg = Release|Any CPU
		{617EF40E-AABB-4EC3-B91D-743AF4758DE8}.Release|Any CPU.Build.0 = Release|Any CPU
		{BA24E93E-BCEF-4E7B-8F4E-F0186A6849A5}.Debug|Any CPU.ActiveCfg = Debug|Any CPU
		{BA24E93E-BCEF-4E7B-8F4E-F0186A6849A5}.Debug|Any CPU.Build.0 = Debug|Any CPU
		{BA24E93E-BCEF-4E7B-8F4E-F0186A6849A5}.Release|Any CPU.ActiveCfg = Release|Any CPU
		{BA24E93E-BCEF-4E7B-8F4E-F0186A6849A5}.Release|Any CPU.Build.0 = Release|Any CPU
		{DC4A6B6E-7D66-4669-A8A4-04FE40D50EBC}.Debug|Any CPU.ActiveCfg = Debug|Any CPU
		{DC4A6B6E-7D66-4669-A8A4-04FE40D50EBC}.Debug|Any CPU.Build.0 = Debug|Any CPU
		{DC4A6B6E-7D66-4669-A8A4-04FE40D50EBC}.Release|Any CPU.ActiveCfg = Release|Any CPU
		{DC4A6B6E-7D66-4669-A8A4-04FE40D50EBC}.Release|Any CPU.Build.0 = Release|Any CPU
		{C7E24C7D-0ABD-4C46-B56C-058C63C6B4A3}.Debug|Any CPU.ActiveCfg = Debug|Any CPU
		{C7E24C7D-0ABD-4C46-B56C-058C63C6B4A3}.Debug|Any CPU.Build.0 = Debug|Any CPU
		{C7E24C7D-0ABD-4C46-B56C-058C63C6B4A3}.Release|Any CPU.ActiveCfg = Release|Any CPU
		{C7E24C7D-0ABD-4C46-B56C-058C63C6B4A3}.Release|Any CPU.Build.0 = Release|Any CPU
	EndGlobalSection
	GlobalSection(SolutionProperties) = preSolution
		HideSolutionNode = FALSE
	EndGlobalSection
EndGlobal
